
Microsoft Visual Studio Solution File, Format Version 12.00
# Visual Studio Version 17
VisualStudioVersion = 17.5.002.0
MinimumVisualStudioVersion = 10.0.40219.1
Project("{2150E333-8FDC-42A3-9474-1A3956D46DE8}") = "sdk", "sdk", "{41B0FC98-171B-42C8-8737-8FEC4C725936}"
EndProject
Project("{9A19103F-16F7-4668-BE54-9A1E7A4F7556}") = "Pulumi.Xyz", "sdk\dotnet\Pulumi.Xyz.csproj", "{F85E57FC-2860-47D5-9FE8-40797F65432B}"
EndProject
Global
	GlobalSection(SolutionConfigurationPlatforms) = preSolution
		Debug|Any CPU = Debug|Any CPU
		Release|Any CPU = Release|Any CPU
	EndGlobalSection
	GlobalSection(ProjectConfigurationPlatforms) = postSolution
		{F85E57FC-2860-47D5-9FE8-40797F65432B}.Debug|Any CPU.ActiveCfg = Debug|Any CPU
		{F85E57FC-2860-47D5-9FE8-40797F65432B}.Debug|Any CPU.Build.0 = Debug|Any CPU
		{F85E57FC-2860-47D5-9FE8-40797F65432B}.Release|Any CPU.ActiveCfg = Release|Any CPU
		{F85E57FC-2860-47D5-9FE8-40797F65432B}.Release|Any CPU.Build.0 = Release|Any CPU
	EndGlobalSection
	GlobalSection(SolutionProperties) = preSolution
		HideSolutionNode = FALSE
	EndGlobalSection
	GlobalSection(NestedProjects) = preSolution
		{F85E57FC-2860-47D5-9FE8-40797F65432B} = {41B0FC98-171B-42C8-8737-8FEC4C725936}
	EndGlobalSection
	GlobalSection(ExtensibilityGlobals) = postSolution
		SolutionGuid = {FE6AAB91-F82E-4772-9D32-5A8E010AFE46}
	EndGlobalSection
EndGlobal
